// !$*UTF8*$!
{
	archiveVersion = 1;
	classes = {
	};
	objectVersion = 46;
	objects = {

/* Begin PBXBuildFile section */
		F10EABAE1ECDB81500C7AF66 /* AppDelegate.swift in Sources */ = {isa = PBXBuildFile; fileRef = F10EABAD1ECDB81500C7AF66 /* AppDelegate.swift */; };
		F10EABB01ECDB81500C7AF66 /* ViewController.swift in Sources */ = {isa = PBXBuildFile; fileRef = F10EABAF1ECDB81500C7AF66 /* ViewController.swift */; };
		F10EABB31ECDB81500C7AF66 /* Main.storyboard in Resources */ = {isa = PBXBuildFile; fileRef = F10EABB11ECDB81500C7AF66 /* Main.storyboard */; };
		F10EABB51ECDB81500C7AF66 /* Assets.xcassets in Resources */ = {isa = PBXBuildFile; fileRef = F10EABB41ECDB81500C7AF66 /* Assets.xcassets */; };
		F10EABB81ECDB81500C7AF66 /* LaunchScreen.storyboard in Resources */ = {isa = PBXBuildFile; fileRef = F10EABB61ECDB81500C7AF66 /* LaunchScreen.storyboard */; };
		F10EABC01ECDB82900C7AF66 /* FCMNN.swift in Sources */ = {isa = PBXBuildFile; fileRef = F10EABBF1ECDB82900C7AF66 /* FCMNN.swift */; };
/* End PBXBuildFile section */

/* Begin PBXFileReference section */
		F10EABAA1ECDB81500C7AF66 /* FCMNNSample.app */ = {isa = PBXFileReference; explicitFileType = wrapper.application; includeInIndex = 0; path = FCMNNSample.app; sourceTree = BUILT_PRODUCTS_DIR; };
		F10EABAD1ECDB81500C7AF66 /* AppDelegate.swift */ = {isa = PBXFileReference; lastKnownFileType = sourcecode.swift; path = AppDelegate.swift; sourceTree = "<group>"; };
		F10EABAF1ECDB81500C7AF66 /* ViewController.swift */ = {isa = PBXFileReference; lastKnownFileType = sourcecode.swift; path = ViewController.swift; sourceTree = "<group>"; };
		F10EABB21ECDB81500C7AF66 /* Base */ = {isa = PBXFileReference; lastKnownFileType = file.storyboard; name = Base; path = Base.lproj/Main.storyboard; sourceTree = "<group>"; };
		F10EABB41ECDB81500C7AF66 /* Assets.xcassets */ = {isa = PBXFileReference; lastKnownFileType = folder.assetcatalog; path = Assets.xcassets; sourceTree = "<group>"; };
		F10EABB71ECDB81500C7AF66 /* Base */ = {isa = PBXFileReference; lastKnownFileType = file.storyboard; name = Base; path = Base.lproj/LaunchScreen.storyboard; sourceTree = "<group>"; };
		F10EABB91ECDB81500C7AF66 /* Info.plist */ = {isa = PBXFileReference; lastKnownFileType = text.plist.xml; path = Info.plist; sourceTree = "<group>"; };
		F10EABBF1ECDB82900C7AF66 /* FCMNN.swift */ = {isa = PBXFileReference; fileEncoding = 4; lastKnownFileType = sourcecode.swift; path = FCMNN.swift; sourceTree = "<group>"; };
/* End PBXFileReference section */

/* Begin PBXFrameworksBuildPhase section */
		F10EABA71ECDB81500C7AF66 /* Frameworks */ = {
			isa = PBXFrameworksBuildPhase;
			buildActionMask = 2147483647;
			files = (
			);
			runOnlyForDeploymentPostprocessing = 0;
		};
/* End PBXFrameworksBuildPhase section */

/* Begin PBXGroup section */
		F10EABA11ECDB81500C7AF66 = {
			isa = PBXGroup;
			children = (
				F10EABAC1ECDB81500C7AF66 /* FCMNNSample */,
				F10EABAB1ECDB81500C7AF66 /* Products */,
			);
			sourceTree = "<group>";
		};
		F10EABAB1ECDB81500C7AF66 /* Products */ = {
			isa = PBXGroup;
			children = (
				F10EABAA1ECDB81500C7AF66 /* FCMNNSample.app */,
			);
			name = Products;
			sourceTree = "<group>";
		};
		F10EABAC1ECDB81500C7AF66 /* FCMNNSample */ = {
			isa = PBXGroup;
			children = (
				F10EABBF1ECDB82900C7AF66 /* FCMNN.swift */,
				F10EABAD1ECDB81500C7AF66 /* AppDelegate.swift */,
				F10EABAF1ECDB81500C7AF66 /* ViewController.swift */,
				F10EABB11ECDB81500C7AF66 /* Main.storyboard */,
				F10EABB41ECDB81500C7AF66 /* Assets.xcassets */,
				F10EABB61ECDB81500C7AF66 /* LaunchScreen.storyboard */,
				F10EABB91ECDB81500C7AF66 /* Info.plist */,
			);
			path = FCMNNSample;
			sourceTree = "<group>";
		};
/* End PBXGroup section */

/* Begin PBXNativeTarget section */
		F10EABA91ECDB81500C7AF66 /* FCMNNSample */ = {
			isa = PBXNativeTarget;
			buildConfigurationList = F10EABBC1ECDB81500C7AF66 /* Build configuration list for PBXNativeTarget "FCMNNSample" */;
			buildPhases = (
				F10EABA61ECDB81500C7AF66 /* Sources */,
				F10EABA71ECDB81500C7AF66 /* Frameworks */,
				F10EABA81ECDB81500C7AF66 /* Resources */,
			);
			buildRules = (
			);
			dependencies = (
			);
			name = FCMNNSample;
			productName = FCMNNSample;
			productReference = F10EABAA1ECDB81500C7AF66 /* FCMNNSample.app */;
			productType = "com.apple.product-type.application";
		};
/* End PBXNativeTarget section */

/* Begin PBXProject section */
		F10EABA21ECDB81500C7AF66 /* Project object */ = {
			isa = PBXProject;
			attributes = {
				LastSwiftUpdateCheck = 0830;
				LastUpgradeCheck = 0830;
				TargetAttributes = {
					F10EABA91ECDB81500C7AF66 = {
						CreatedOnToolsVersion = 8.3.2;
						ProvisioningStyle = Automatic;
					};
				};
			};
			buildConfigurationList = F10EABA51ECDB81500C7AF66 /* Build configuration list for PBXProject "FCMNNSample" */;
			compatibilityVersion = "Xcode 3.2";
			developmentRegion = English;
			hasScannedForEncodings = 0;
			knownRegions = (
				en,
				Base,
			);
			mainGroup = F10EABA11ECDB81500C7AF66;
			productRefGroup = F10EABAB1ECDB81500C7AF66 /* Products */;
			projectDirPath = "";
			projectRoot = "";
			targets = (
				F10EABA91ECDB81500C7AF66 /* FCMNNSample */,
			);
		};
/* End PBXProject section */

/* Begin PBXResourcesBuildPhase section */
		F10EABA81ECDB81500C7AF66 /* Resources */ = {
			isa = PBXResourcesBuildPhase;
			buildActionMask = 2147483647;
			files = (
				F10EABB81ECDB81500C7AF66 /* LaunchScreen.storyboard in Resources */,
				F10EABB51ECDB81500C7AF66 /* Assets.xcassets in Resources */,
				F10EABB31ECDB81500C7AF66 /* Main.storyboard in Resources */,
			);
			runOnlyForDeploymentPostprocessing = 0;
		};
/* End PBXResourcesBuildPhase section */

/* Begin PBXSourcesBuildPhase section */
		F10EABA61ECDB81500C7AF66 /* Sources */ = {
			isa = PBXSourcesBuildPhase;
			buildActionMask = 2147483647;
			files = (
				F10EABB01ECDB81500C7AF66 /* ViewController.swift in Sources */,
				F10EABAE1ECDB81500C7AF66 /* AppDelegate.swift in Sources */,
				F10EABC01ECDB82900C7AF66 /* FCMNN.swift in Sources */,
			);
			runOnlyForDeploymentPostprocessing = 0;
		};
/* End PBXSourcesBuildPhase section */

/* Begin PBXVariantGroup section */
		F10EABB11ECDB81500C7AF66 /* Main.storyboard */ = {
			isa = PBXVariantGroup;
			children = (
				F10EABB21ECDB81500C7AF66 /* Base */,
			);
			name = Main.storyboard;
			sourceTree = "<group>";
		};
		F10EABB61ECDB81500C7AF66 /* LaunchScreen.storyboard */ = {
			isa = PBXVariantGroup;
			children = (
				F10EABB71ECDB81500C7AF66 /* Base */,
			);
			name = LaunchScreen.storyboard;
			sourceTree = "<group>";
		};
/* End PBXVariantGroup section */

/* Begin XCBuildConfiguration section */
		F10EABBA1ECDB81500C7AF66 /* Debug */ = {
			isa = XCBuildConfiguration;
			buildSettings = {
				ALWAYS_SEARCH_USER_PATHS = NO;
				CLANG_ANALYZER_NONNULL = YES;
				CLANG_ANALYZER_NUMBER_OBJECT_CONVERSION = YES_AGGRESSIVE;
				CLANG_CXX_LANGUAGE_STANDARD = "gnu++0x";
				CLANG_CXX_LIBRARY = "libc++";
				CLANG_ENABLE_MODULES = YES;
				CLANG_ENABLE_OBJC_ARC = YES;
				CLANG_WARN_BOOL_CONVERSION = YES;
				CLANG_WARN_CONSTANT_CONVERSION = YES;
				CLANG_WARN_DIRECT_OBJC_ISA_USAGE = YES_ERROR;
				CLANG_WARN_DOCUMENTATION_COMMENTS = YES;
				CLANG_WARN_EMPTY_BODY = YES;
				CLANG_WARN_ENUM_CONVERSION = YES;
				CLANG_WARN_INFINITE_RECURSION = YES;
				CLANG_WARN_INT_CONVERSION = YES;
				CLANG_WARN_OBJC_ROOT_CLASS = YES_ERROR;
				CLANG_WARN_SUSPICIOUS_MOVE = YES;
				CLANG_WARN_UNREACHABLE_CODE = YES;
				CLANG_WARN__DUPLICATE_METHOD_MATCH = YES;
				"CODE_SIGN_IDENTITY[sdk=iphoneos*]" = "iPhone Developer";
				COPY_PHASE_STRIP = NO;
				DEBUG_INFORMATION_FORMAT = dwarf;
				ENABLE_STRICT_OBJC_MSGSEND = YES;
				ENABLE_TESTABILITY = YES;
				GCC_C_LANGUAGE_STANDARD = gnu99;
				GCC_DYNAMIC_NO_PIC = NO;
				GCC_NO_COMMON_BLOCKS = YES;
				GCC_OPTIMIZATION_LEVEL = 0;
				GCC_PREPROCESSOR_DEFINITIONS = (
					"DEBUG=1",
					"$(inherited)",
				);
				GCC_WARN_64_TO_32_BIT_CONVERSION = YES;
				GCC_WARN_ABOUT_RETURN_TYPE = YES_ERROR;
				GCC_WARN_UNDECLARED_SELECTOR = YES;
				GCC_WARN_UNINITIALIZED_AUTOS = YES_AGGRESSIVE;
				GCC_WARN_UNUSED_FUNCTION = YES;
				GCC_WARN_UNUSED_VARIABLE = YES;
				IPHONEOS_DEPLOYMENT_TARGET = 10.3;
				MTL_ENABLE_DEBUG_INFO = YES;
				ONLY_ACTIVE_ARCH = YES;
				SDKROOT = iphoneos;
				SWIFT_ACTIVE_COMPILATION_CONDITIONS = DEBUG;
				SWIFT_OPTIMIZATION_LEVEL = "-Onone";
				TARGETED_DEVICE_FAMILY = "1,2";
			};
			name = Debug;
		};
		F10EABBB1ECDB81500C7AF66 /* Release */ = {
			isa = XCBuildConfiguration;
			buildSettings = {
				ALWAYS_SEARCH_USER_PATHS = NO;
				CLANG_ANALYZER_NONNULL = YES;
				CLANG_ANALYZER_NUMBER_OBJECT_CONVERSION = YES_AGGRESSIVE;
				CLANG_CXX_LANGUAGE_STANDARD = "gnu++0x";
				CLANG_CXX_LIBRARY = "libc++";
				CLANG_ENABLE_MODULES = YES;
				CLANG_ENABLE_OBJC_ARC = YES;
				CLANG_WARN_BOOL_CONVERSION = YES;
				CLANG_WARN_CONSTANT_CONVERSION = YES;
				CLANG_WARN_DIRECT_OBJC_ISA_USAGE = YES_ERROR;
				CLANG_WARN_DOCUMENTATION_COMMENTS = YES;
				CLANG_WARN_EMPTY_BODY = YES;
				CLANG_WARN_ENUM_CONVERSION = YES;
				CLANG_WARN_INFINITE_RECURSION = YES;
				CLANG_WARN_INT_CONVERSION = YES;
				CLANG_WARN_OBJC_ROOT_CLASS = YES_ERROR;
				CLANG_WARN_SUSPICIOUS_MOVE = YES;
				CLANG_WARN_UNREACHABLE_CODE = YES;
				CLANG_WARN__DUPLICATE_METHOD_MATCH = YES;
				"CODE_SIGN_IDENTITY[sdk=iphoneos*]" = "iPhone Developer";
				COPY_PHASE_STRIP = NO;
				DEBUG_INFORMATION_FORMAT = "dwarf-with-dsym";
				ENABLE_NS_ASSERTIONS = NO;
				ENABLE_STRICT_OBJC_MSGSEND = YES;
				GCC_C_LANGUAGE_STANDARD = gnu99;
				GCC_NO_COMMON_BLOCKS = YES;
				GCC_WARN_64_TO_32_BIT_CONVERSION = YES;
				GCC_WARN_ABOUT_RETURN_TYPE = YES_ERROR;
				GCC_WARN_UNDECLARED_SELECTOR = YES;
				GCC_WARN_UNINITIALIZED_AUTOS = YES_AGGRESSIVE;
				GCC_WARN_UNUSED_FUNCTION = YES;
				GCC_WARN_UNUSED_VARIABLE = YES;
				IPHONEOS_DEPLOYMENT_TARGET = 10.3;
				MTL_ENABLE_DEBUG_INFO = NO;
				SDKROOT = iphoneos;
				SWIFT_OPTIMIZATION_LEVEL = "-Owholemodule";
				TARGETED_DEVICE_FAMILY = "1,2";
				VALIDATE_PRODUCT = YES;
			};
			name = Release;
		};
		F10EABBD1ECDB81500C7AF66 /* Debug */ = {
			isa = XCBuildConfiguration;
			buildSettings = {
				ASSETCATALOG_COMPILER_APPICON_NAME = AppIcon;
				INFOPLIST_FILE = FCMNNSample/Info.plist;
				LD_RUNPATH_SEARCH_PATHS = "$(inherited) @executable_path/Frameworks";
				PRODUCT_BUNDLE_IDENTIFIER = PLGLG.FCMNNSample;
				PRODUCT_NAME = "$(TARGET_NAME)";
				SWIFT_VERSION = 3.0;
			};
			name = Debug;
		};
		F10EABBE1ECDB81500C7AF66 /* Release */ = {
			isa = XCBuildConfiguration;
			buildSettings = {
				ASSETCATALOG_COMPILER_APPICON_NAME = AppIcon;
				INFOPLIST_FILE = FCMNNSample/Info.plist;
				LD_RUNPATH_SEARCH_PATHS = "$(inherited) @executable_path/Frameworks";
				PRODUCT_BUNDLE_IDENTIFIER = PLGLG.FCMNNSample;
				PRODUCT_NAME = "$(TARGET_NAME)";
				SWIFT_VERSION = 3.0;
			};
			name = Release;
		};
/* End XCBuildConfiguration section */

/* Begin XCConfigurationList section */
		F10EABA51ECDB81500C7AF66 /* Build configuration list for PBXProject "FCMNNSample" */ = {
			isa = XCConfigurationList;
			buildConfigurations = (
				F10EABBA1ECDB81500C7AF66 /* Debug */,
				F10EABBB1ECDB81500C7AF66 /* Release */,
			);
			defaultConfigurationIsVisible = 0;
			defaultConfigurationName = Release;
		};
		F10EABBC1ECDB81500C7AF66 /* Build configuration list for PBXNativeTarget "FCMNNSample" */ = {
			isa = XCConfigurationList;
			buildConfigurations = (
				F10EABBD1ECDB81500C7AF66 /* Debug */,
				F10EABBE1ECDB81500C7AF66 /* Release */,
			);
			defaultConfigurationIsVisible = 0;
			defaultConfigurationName = Release;
		};
/* End XCConfigurationList section */
	};
	rootObject = F10EABA21ECDB81500C7AF66 /* Project object */;
}
